
Microsoft Visual Studio Solution File, Format Version 12.00
# Visual Studio Version 17
VisualStudioVersion = 17.11.35312.102
MinimumVisualStudioVersion = 10.0.40219.1
Project("{FAE04EC0-301F-11D3-BF4B-00C04F79EFBC}") = "Prefrerence And Security", "Prefrerence And Security\Prefrerence And Security.csproj", "{3DDE7037-E307-4D4F-8208-F50C7D47F2EE}"
EndProject
Global
	GlobalSection(SolutionConfigurationPlatforms) = preSolution
		Debug|Any CPU = Debug|Any CPU
		Release|Any CPU = Release|Any CPU
	EndGlobalSection
	GlobalSection(ProjectConfigurationPlatforms) = postSolution
		{3DDE7037-E307-4D4F-8208-F50C7D47F2EE}.Debug|Any CPU.ActiveCfg = Debug|Any CPU
		{3DDE7037-E307-4D4F-8208-F50C7D47F2EE}.Debug|Any CPU.Build.0 = Debug|Any CPU
		{3DDE7037-E307-4D4F-8208-F50C7D47F2EE}.Release|Any CPU.ActiveCfg = Release|Any CPU
		{3DDE7037-E307-4D4F-8208-F50C7D47F2EE}.Release|Any CPU.Build.0 = Release|Any CPU
	EndGlobalSection
	GlobalSection(SolutionProperties) = preSolution
		HideSolutionNode = FALSE
	EndGlobalSection
	GlobalSection(ExtensibilityGlobals) = postSolution
		SolutionGuid = {0BC14F6C-B787-4CF1-B164-541F1B438E82}
	EndGlobalSection
EndGlobal
